
Microsoft Visual Studio Solution File, Format Version 12.00
# Visual Studio Version 16
VisualStudioVersion = 16.0.32510.428
MinimumVisualStudioVersion = 10.0.40219.1
Project("{FAE04EC0-301F-11D3-BF4B-00C04F79EFBC}") = "e-commerce", "e-commerce\e-commerce.csproj", "{2F32B298-254A-4F59-9832-A38FD6450CF6}"
EndProject
Global
	GlobalSection(SolutionConfigurationPlatforms) = preSolution
		Debug|Any CPU = Debug|Any CPU
		Release|Any CPU = Release|Any CPU
	EndGlobalSection
	GlobalSection(ProjectConfigurationPlatforms) = postSolution
		{2F32B298-254A-4F59-9832-A38FD6450CF6}.Debug|Any CPU.ActiveCfg = Debug|Any CPU
		{2F32B298-254A-4F59-9832-A38FD6450CF6}.Debug|Any CPU.Build.0 = Debug|Any CPU
		{2F32B298-254A-4F59-9832-A38FD6450CF6}.Release|Any CPU.ActiveCfg = Release|Any CPU
		{2F32B298-254A-4F59-9832-A38FD6450CF6}.Release|Any CPU.Build.0 = Release|Any CPU
	EndGlobalSection
	GlobalSection(SolutionProperties) = preSolution
		HideSolutionNode = FALSE
	EndGlobalSection
	GlobalSection(ExtensibilityGlobals) = postSolution
		SolutionGuid = {DF093D07-40E6-49AA-8CF4-4C7554DB3D2E}
	EndGlobalSection
EndGlobal
